
Microsoft Visual Studio Solution File, Format Version 12.00
# Visual Studio Version 16
VisualStudioVersion = 16.0.31105.61
MinimumVisualStudioVersion = 10.0.40219.1
Project("{FAE04EC0-301F-11D3-BF4B-00C04F79EFBC}") = "Chynayeu90331", "Chynayeu90331\Chynayeu90331.csproj", "{32A82C40-8B13-40FB-8B32-6A76734E0FDC}"
EndProject
Global
	GlobalSection(SolutionConfigurationPlatforms) = preSolution
		Debug|Any CPU = Debug|Any CPU
		Release|Any CPU = Release|Any CPU
	EndGlobalSection
	GlobalSection(ProjectConfigurationPlatforms) = postSolution
		{32A82C40-8B13-40FB-8B32-6A76734E0FDC}.Debug|Any CPU.ActiveCfg = Debug|Any CPU
		{32A82C40-8B13-40FB-8B32-6A76734E0FDC}.Debug|Any CPU.Build.0 = Debug|Any CPU
		{32A82C40-8B13-40FB-8B32-6A76734E0FDC}.Release|Any CPU.ActiveCfg = Release|Any CPU
		{32A82C40-8B13-40FB-8B32-6A76734E0FDC}.Release|Any CPU.Build.0 = Release|Any CPU
	EndGlobalSection
	GlobalSection(SolutionProperties) = preSolution
		HideSolutionNode = FALSE
	EndGlobalSection
	GlobalSection(ExtensibilityGlobals) = postSolution
		SolutionGuid = {C02D2604-F3B8-4808-929B-BB0511538B12}
	EndGlobalSection
EndGlobal
